
Microsoft Visual Studio Solution File, Format Version 12.00
Project("{FAE04EC0-301F-11D3-BF4B-00C04F79EFBC}") = "Discord Cache Viewer", "Discord Cache Viewer\Discord Cache Viewer.csproj", "{24E24498-B464-47B2-988A-04E85A8DC39B}"
EndProject
Global
	GlobalSection(SolutionConfigurationPlatforms) = preSolution
		Debug|Any CPU = Debug|Any CPU
		Release|Any CPU = Release|Any CPU
	EndGlobalSection
	GlobalSection(ProjectConfigurationPlatforms) = postSolution
		{24E24498-B464-47B2-988A-04E85A8DC39B}.Debug|Any CPU.ActiveCfg = Debug|Any CPU
		{24E24498-B464-47B2-988A-04E85A8DC39B}.Debug|Any CPU.Build.0 = Debug|Any CPU
		{24E24498-B464-47B2-988A-04E85A8DC39B}.Release|Any CPU.ActiveCfg = Release|Any CPU
		{24E24498-B464-47B2-988A-04E85A8DC39B}.Release|Any CPU.Build.0 = Release|Any CPU
	EndGlobalSection
EndGlobal
